// !$*UTF8*$!
{
	archiveVersion = 1;
	classes = {
	};
	objectVersion = 56;
	objects = {

/* Begin PBXBuildFile section */
		37076DE52B12DB97003AC2FD /* ListenProfileView.swift in Sources */ = {isa = PBXBuildFile; fileRef = 37076DE42B12DB97003AC2FD /* ListenProfileView.swift */; };
		3712340E29E20BD700CBF49C /* ListenControlView.swift in Sources */ = {isa = PBXBuildFile; fileRef = 3712340D29E20BD700CBF49C /* ListenControlView.swift */; };
		37159A9C2C5AF4D9005CB922 /* FavoritesProfile.swift in Sources */ = {isa = PBXBuildFile; fileRef = 37159A992C4DC9D3005CB922 /* FavoritesProfile.swift */; };
		37159A9E2C605481005CB922 /* String+LocalizedError.swift in Sources */ = {isa = PBXBuildFile; fileRef = 37159A9D2C605481005CB922 /* String+LocalizedError.swift */; };
		37159AA02C65E4DD005CB922 /* FavoritesProfileView.swift in Sources */ = {isa = PBXBuildFile; fileRef = 37159A9F2C65E4DD005CB922 /* FavoritesProfileView.swift */; };
		37159AA22C66F40C005CB922 /* FavoritesGroupDetailView.swift in Sources */ = {isa = PBXBuildFile; fileRef = 37159AA12C66F40C005CB922 /* FavoritesGroupDetailView.swift */; };
		37159AA42C66F425005CB922 /* FavoritesDetailView.swift in Sources */ = {isa = PBXBuildFile; fileRef = 37159AA32C66F425005CB922 /* FavoritesDetailView.swift */; };
		37159AA62C69EA70005CB922 /* FavoritesGroupView.swift in Sources */ = {isa = PBXBuildFile; fileRef = 37159AA52C69EA70005CB922 /* FavoritesGroupView.swift */; };
		37159AA82C6A9488005CB922 /* HasherFNV1a.swift in Sources */ = {isa = PBXBuildFile; fileRef = 37159AA72C6A9488005CB922 /* HasherFNV1a.swift */; };
		3724D7C42BB4A3EA00BC6741 /* RootView.swift in Sources */ = {isa = PBXBuildFile; fileRef = 3724D7C32BB4A3EA00BC6741 /* RootView.swift */; };
		372A74022C7543AE00531CC8 /* WhisperStatusTextView.swift in Sources */ = {isa = PBXBuildFile; fileRef = 372A74012C7543AE00531CC8 /* WhisperStatusTextView.swift */; };
		372FF6FA2CC35376000F0B65 /* low-frequency-typing.caf in Resources */ = {isa = PBXBuildFile; fileRef = 372FF6F92CC35376000F0B65 /* low-frequency-typing.caf */; };
		3731510F2BA760EC005E989D /* PrivacyInfo.xcprivacy in Resources */ = {isa = PBXBuildFile; fileRef = 37DE2B282BA2AFDD00EDA9D0 /* PrivacyInfo.xcprivacy */; };
		373151112BA7624D005E989D /* SettingsProfile.swift in Sources */ = {isa = PBXBuildFile; fileRef = 373151102BA7624D005E989D /* SettingsProfile.swift */; };
		373748792AD66D150053858B /* TcpMonitor.swift in Sources */ = {isa = PBXBuildFile; fileRef = 373748782AD66D150053858B /* TcpMonitor.swift */; };
		373D3D092BED98F300FCD1F5 /* SwiftUIWindowBinder in Frameworks */ = {isa = PBXBuildFile; productRef = 373D3D082BED98F300FCD1F5 /* SwiftUIWindowBinder */; };
		373D3D0A2BEDA60A00FCD1F5 /* FirstKeyWindow.swift in Sources */ = {isa = PBXBuildFile; fileRef = 374D3E1E2BEC4D120096B953 /* FirstKeyWindow.swift */; };
		3743EF5C2C409B0100B5021F /* ConnectionErrorViews.swift in Sources */ = {isa = PBXBuildFile; fileRef = 3743EF5B2C409B0100B5021F /* ConnectionErrorViews.swift */; };
		37472EBB2BF43381005713E1 /* WhisperTranscriptView.swift in Sources */ = {isa = PBXBuildFile; fileRef = 37472EBA2BF43381005713E1 /* WhisperTranscriptView.swift */; };
		374BBEBB29BD809D0052997A /* WhisperViewModel.swift in Sources */ = {isa = PBXBuildFile; fileRef = 374BBEBA29BD809D0052997A /* WhisperViewModel.swift */; };
		375152A12B61E6990045FEBD /* ElevenLabs.swift in Sources */ = {isa = PBXBuildFile; fileRef = 375152A02B61E6990045FEBD /* ElevenLabs.swift */; };
		37541D5A2C71150F00922C01 /* FavoritesUseView.swift in Sources */ = {isa = PBXBuildFile; fileRef = 37541D592C71150F00922C01 /* FavoritesUseView.swift */; };
		37541D5C2C71172C00922C01 /* WhisperControlView.swift in Sources */ = {isa = PBXBuildFile; fileRef = 37541D5B2C71172C00922C01 /* WhisperControlView.swift */; };
		376388CD29DDFB77006E5686 /* ListenStatusTextView.swift in Sources */ = {isa = PBXBuildFile; fileRef = 376388CC29DDFB77006E5686 /* ListenStatusTextView.swift */; };
		3771F83529DD2F900011419E /* FontSizes.swift in Sources */ = {isa = PBXBuildFile; fileRef = 3771F83429DD2F900011419E /* FontSizes.swift */; };
		377237252BB8F5BE0062A833 /* LinkView.swift in Sources */ = {isa = PBXBuildFile; fileRef = 377237242BB8F5BE0062A833 /* LinkView.swift */; };
		3775A13A29AD4EB6007159F5 /* Settings.bundle in Resources */ = {isa = PBXBuildFile; fileRef = 3775A13929AD4EB6007159F5 /* Settings.bundle */; };
		37763CE529AAC1E50051CFE5 /* whisperApp.swift in Sources */ = {isa = PBXBuildFile; fileRef = 37763CE429AAC1E50051CFE5 /* whisperApp.swift */; };
		37763CE929AAC1E60051CFE5 /* Assets.xcassets in Resources */ = {isa = PBXBuildFile; fileRef = 37763CE829AAC1E60051CFE5 /* Assets.xcassets */; };
		37763CEC29AAC1E60051CFE5 /* Preview Assets.xcassets in Resources */ = {isa = PBXBuildFile; fileRef = 37763CEB29AAC1E60051CFE5 /* Preview Assets.xcassets */; };
		37763D1729AC2F710051CFE5 /* LICENSE in Resources */ = {isa = PBXBuildFile; fileRef = 37763D1629AC2F710051CFE5 /* LICENSE */; };
		37763D1D29AC33230051CFE5 /* BluetoothData.swift in Sources */ = {isa = PBXBuildFile; fileRef = 37763D1C29AC33230051CFE5 /* BluetoothData.swift */; };
		37763D2029AC4C5B0051CFE5 /* Set+Cancelable.swift in Sources */ = {isa = PBXBuildFile; fileRef = 37763D1F29AC4C5B0051CFE5 /* Set+Cancelable.swift */; };
		37763D2629AC8D550051CFE5 /* ListenView.swift in Sources */ = {isa = PBXBuildFile; fileRef = 37763D2529AC8D550051CFE5 /* ListenView.swift */; };
		377646C629BACB4B002C411C /* MainViewModel.swift in Sources */ = {isa = PBXBuildFile; fileRef = 377646C529BACB4B002C411C /* MainViewModel.swift */; };
		377646C829BACB73002C411C /* MainView.swift in Sources */ = {isa = PBXBuildFile; fileRef = 377646C729BACB73002C411C /* MainView.swift */; };
		377646CA29BACC16002C411C /* BluetoothFactory.swift in Sources */ = {isa = PBXBuildFile; fileRef = 377646C929BACC16002C411C /* BluetoothFactory.swift */; };
		377B3D232C4716F70041D26C /* SleepControl.swift in Sources */ = {isa = PBXBuildFile; fileRef = 377B3D222C4716F70041D26C /* SleepControl.swift */; };
		377B3D252C4867060041D26C /* WhisperPastTextView.swift in Sources */ = {isa = PBXBuildFile; fileRef = 377B3D242C4867060041D26C /* WhisperPastTextView.swift */; };
		377C01062B7A65CC00489C05 /* WhisperProfile.swift in Sources */ = {isa = PBXBuildFile; fileRef = 377C01052B7A65CC00489C05 /* WhisperProfile.swift */; };
		377C01082B7A65DB00489C05 /* ListenProfile.swift in Sources */ = {isa = PBXBuildFile; fileRef = 377C01072B7A65DB00489C05 /* ListenProfile.swift */; };
		377C010A2B7AD47800489C05 /* Data+JSON.swift in Sources */ = {isa = PBXBuildFile; fileRef = 377C01092B7AD47800489C05 /* Data+JSON.swift */; };
		377C010C2B7C1EEF00489C05 /* ShareProfileView.swift in Sources */ = {isa = PBXBuildFile; fileRef = 377C010B2B7C1EEF00489C05 /* ShareProfileView.swift */; };
		377D70F82A8A909C009B416F /* BluetoothWhisperTransport.swift in Sources */ = {isa = PBXBuildFile; fileRef = 377D70F72A899C88009B416F /* BluetoothWhisperTransport.swift */; };
		377D710B2A8EBE16009B416F /* BluetoothListenTransport.swift in Sources */ = {isa = PBXBuildFile; fileRef = 377D710A2A8EBE16009B416F /* BluetoothListenTransport.swift */; };
		377D71112A913C5C009B416F /* TcpFactory.swift in Sources */ = {isa = PBXBuildFile; fileRef = 377D71102A913BFE009B416F /* TcpFactory.swift */; };
		377D71122A913C8F009B416F /* TcpWhisperTransport.swift in Sources */ = {isa = PBXBuildFile; fileRef = 377D710F2A913BFE009B416F /* TcpWhisperTransport.swift */; };
		377D71132A913CA4009B416F /* TcpListenTransport.swift in Sources */ = {isa = PBXBuildFile; fileRef = 377D710E2A913BFE009B416F /* TcpListenTransport.swift */; };
		377D71162A913E8B009B416F /* PreferenceData.swift in Sources */ = {isa = PBXBuildFile; fileRef = 377D71142A913E2E009B416F /* PreferenceData.swift */; };
		377D71192A956B4C009B416F /* SwiftJWT in Frameworks */ = {isa = PBXBuildFile; productRef = 377D71182A956B4C009B416F /* SwiftJWT */; };
		377D711B2A956C23009B416F /* TcpAuthenticator.swift in Sources */ = {isa = PBXBuildFile; fileRef = 377D711A2A956C23009B416F /* TcpAuthenticator.swift */; };
		377D711E2A95CE5E009B416F /* ComboFactory.swift in Sources */ = {isa = PBXBuildFile; fileRef = 377D711D2A95CE5E009B416F /* ComboFactory.swift */; };
		377D71212A95CEAC009B416F /* ComboWhisperTransport.swift in Sources */ = {isa = PBXBuildFile; fileRef = 377D71202A95CEAC009B416F /* ComboWhisperTransport.swift */; };
		377D71222A95CEAC009B416F /* ComboListenTransport.swift in Sources */ = {isa = PBXBuildFile; fileRef = 377D711F2A95CEAC009B416F /* ComboListenTransport.swift */; };
		378A8E1729C554F20097F15A /* WhisperProtocol.swift in Sources */ = {isa = PBXBuildFile; fileRef = 378A8E1629C554F20097F15A /* WhisperProtocol.swift */; };
		37922F272C72B66B00D250C6 /* typewriter-carriage-return.caf in Resources */ = {isa = PBXBuildFile; fileRef = 37922F242C72B66B00D250C6 /* typewriter-carriage-return.caf */; };
		37922F282C72B66B00D250C6 /* typewriter-bell.caf in Resources */ = {isa = PBXBuildFile; fileRef = 37922F252C72B66B00D250C6 /* typewriter-bell.caf */; };
		37922F292C72B66B00D250C6 /* typewriter-two-minutes.caf in Resources */ = {isa = PBXBuildFile; fileRef = 37922F262C72B66B00D250C6 /* typewriter-two-minutes.caf */; };
		379570CD29EA314A0033CF14 /* air-horn.caf in Resources */ = {isa = PBXBuildFile; fileRef = 379570CC29EA313D0033CF14 /* air-horn.caf */; };
		379570CE29EA314A0033CF14 /* bike-bell.caf in Resources */ = {isa = PBXBuildFile; fileRef = 379570CA29EA313D0033CF14 /* bike-bell.caf */; };
		379570CF29EA314A0033CF14 /* bike-horn.caf in Resources */ = {isa = PBXBuildFile; fileRef = 379570CB29EA313D0033CF14 /* bike-horn.caf */; };
		3797F9FE2A7F2B9B00F76817 /* ChoiceView.swift in Sources */ = {isa = PBXBuildFile; fileRef = 3797F9FD2A7F2B9B00F76817 /* ChoiceView.swift */; };
		37B6236F29EF166800213790 /* ListenersView.swift in Sources */ = {isa = PBXBuildFile; fileRef = 37B6236E29EF166800213790 /* ListenersView.swift */; };
		37B6237629F78AA500213790 /* WhisperersView.swift in Sources */ = {isa = PBXBuildFile; fileRef = 37B6237529F78AA500213790 /* WhisperersView.swift */; };
		37C5142229CA2B35001A121B /* ListenPastTextView.swift in Sources */ = {isa = PBXBuildFile; fileRef = 37C5142129CA2B35001A121B /* ListenPastTextView.swift */; };
		37C5142429CA2B44001A121B /* PastTextModel.swift in Sources */ = {isa = PBXBuildFile; fileRef = 37C5142329CA2B44001A121B /* PastTextModel.swift */; };
		37CBBD0C2AF8CAC7006AE49F /* UserProfile.swift in Sources */ = {isa = PBXBuildFile; fileRef = 37CBBD0B2AF8CAC7006AE49F /* UserProfile.swift */; };
		37CBBD0F2AFB112B006AE49F /* WhisperProfileView.swift in Sources */ = {isa = PBXBuildFile; fileRef = 37CBBD0E2AFB112B006AE49F /* WhisperProfileView.swift */; };
		37D6B35929BC5DD300F952FE /* WhisperView.swift in Sources */ = {isa = PBXBuildFile; fileRef = 37D6B35829BC5DD300F952FE /* WhisperView.swift */; };
		37D6B35E29BCF66400F952FE /* ListenViewModel.swift in Sources */ = {isa = PBXBuildFile; fileRef = 37D6B35D29BCF66400F952FE /* ListenViewModel.swift */; };
		37D78A162B2FB50D002494CD /* MakeBinding.swift in Sources */ = {isa = PBXBuildFile; fileRef = 37D78A152B2FB50D002494CD /* MakeBinding.swift */; };
		37D78A182B2FE017002494CD /* WhisperProfileDetailView.swift in Sources */ = {isa = PBXBuildFile; fileRef = 37D78A172B2FE017002494CD /* WhisperProfileDetailView.swift */; };
		37DE2B272BA278DE00EDA9D0 /* Ably in Frameworks */ = {isa = PBXBuildFile; productRef = 37DE2B262BA278DE00EDA9D0 /* Ably */; };
		37F8C26E2A87DFA7004DED77 /* TransportProtocol.swift in Sources */ = {isa = PBXBuildFile; fileRef = 37F8C26D2A87DFA7004DED77 /* TransportProtocol.swift */; };
/* End PBXBuildFile section */

/* Begin PBXFileReference section */
		37076DE42B12DB97003AC2FD /* ListenProfileView.swift */ = {isa = PBXFileReference; fileEncoding = 4; lastKnownFileType = sourcecode.swift; path = ListenProfileView.swift; sourceTree = "<group>"; };
		3712340D29E20BD700CBF49C /* ListenControlView.swift */ = {isa = PBXFileReference; lastKnownFileType = sourcecode.swift; path = ListenControlView.swift; sourceTree = "<group>"; };
		3712341129E2151100CBF49C /* Binding+Convert.swift */ = {isa = PBXFileReference; lastKnownFileType = sourcecode.swift; path = "Binding+Convert.swift"; sourceTree = "<group>"; };
		37159A992C4DC9D3005CB922 /* FavoritesProfile.swift */ = {isa = PBXFileReference; fileEncoding = 4; lastKnownFileType = sourcecode.swift; path = FavoritesProfile.swift; sourceTree = "<group>"; };
		37159A9D2C605481005CB922 /* String+LocalizedError.swift */ = {isa = PBXFileReference; lastKnownFileType = sourcecode.swift; path = "String+LocalizedError.swift"; sourceTree = "<group>"; };
		37159A9F2C65E4DD005CB922 /* FavoritesProfileView.swift */ = {isa = PBXFileReference; lastKnownFileType = sourcecode.swift; path = FavoritesProfileView.swift; sourceTree = "<group>"; };
		37159AA12C66F40C005CB922 /* FavoritesGroupDetailView.swift */ = {isa = PBXFileReference; lastKnownFileType = sourcecode.swift; path = FavoritesGroupDetailView.swift; sourceTree = "<group>"; };
		37159AA32C66F425005CB922 /* FavoritesDetailView.swift */ = {isa = PBXFileReference; lastKnownFileType = sourcecode.swift; path = FavoritesDetailView.swift; sourceTree = "<group>"; };
		37159AA52C69EA70005CB922 /* FavoritesGroupView.swift */ = {isa = PBXFileReference; fileEncoding = 4; lastKnownFileType = sourcecode.swift; path = FavoritesGroupView.swift; sourceTree = "<group>"; };
		37159AA72C6A9488005CB922 /* HasherFNV1a.swift */ = {isa = PBXFileReference; lastKnownFileType = sourcecode.swift; path = HasherFNV1a.swift; sourceTree = "<group>"; };
		3724D7C32BB4A3EA00BC6741 /* RootView.swift */ = {isa = PBXFileReference; lastKnownFileType = sourcecode.swift; path = RootView.swift; sourceTree = "<group>"; };
		372A74012C7543AE00531CC8 /* WhisperStatusTextView.swift */ = {isa = PBXFileReference; fileEncoding = 4; lastKnownFileType = sourcecode.swift; path = WhisperStatusTextView.swift; sourceTree = "<group>"; };
		372FF6F92CC35376000F0B65 /* low-frequency-typing.caf */ = {isa = PBXFileReference; lastKnownFileType = file; path = "low-frequency-typing.caf"; sourceTree = "<group>"; };
		373151102BA7624D005E989D /* SettingsProfile.swift */ = {isa = PBXFileReference; fileEncoding = 4; lastKnownFileType = sourcecode.swift; path = SettingsProfile.swift; sourceTree = "<group>"; };
		373748782AD66D150053858B /* TcpMonitor.swift */ = {isa = PBXFileReference; lastKnownFileType = sourcecode.swift; path = TcpMonitor.swift; sourceTree = "<group>"; };
		3743EF5B2C409B0100B5021F /* ConnectionErrorViews.swift */ = {isa = PBXFileReference; lastKnownFileType = sourcecode.swift; path = ConnectionErrorViews.swift; sourceTree = "<group>"; };
		37472EBA2BF43381005713E1 /* WhisperTranscriptView.swift */ = {isa = PBXFileReference; lastKnownFileType = sourcecode.swift; path = WhisperTranscriptView.swift; sourceTree = "<group>"; };
		374BBEBA29BD809D0052997A /* WhisperViewModel.swift */ = {isa = PBXFileReference; lastKnownFileType = sourcecode.swift; path = WhisperViewModel.swift; sourceTree = "<group>"; };
		374D3E1E2BEC4D120096B953 /* FirstKeyWindow.swift */ = {isa = PBXFileReference; lastKnownFileType = sourcecode.swift; path = FirstKeyWindow.swift; sourceTree = "<group>"; };
		375152A02B61E6990045FEBD /* ElevenLabs.swift */ = {isa = PBXFileReference; lastKnownFileType = sourcecode.swift; path = ElevenLabs.swift; sourceTree = "<group>"; };
		37541D592C71150F00922C01 /* FavoritesUseView.swift */ = {isa = PBXFileReference; lastKnownFileType = sourcecode.swift; path = FavoritesUseView.swift; sourceTree = "<group>"; };
		37541D5B2C71172C00922C01 /* WhisperControlView.swift */ = {isa = PBXFileReference; fileEncoding = 4; lastKnownFileType = sourcecode.swift; path = WhisperControlView.swift; sourceTree = "<group>"; };
		37594DCA29C224660043C152 /* Info.plist */ = {isa = PBXFileReference; lastKnownFileType = text.plist; path = Info.plist; sourceTree = "<group>"; };
		376388CC29DDFB77006E5686 /* ListenStatusTextView.swift */ = {isa = PBXFileReference; lastKnownFileType = sourcecode.swift; path = ListenStatusTextView.swift; sourceTree = "<group>"; };
		3771F83429DD2F900011419E /* FontSizes.swift */ = {isa = PBXFileReference; lastKnownFileType = sourcecode.swift; path = FontSizes.swift; sourceTree = "<group>"; };
		377237242BB8F5BE0062A833 /* LinkView.swift */ = {isa = PBXFileReference; fileEncoding = 4; lastKnownFileType = sourcecode.swift; path = LinkView.swift; sourceTree = "<group>"; };
		3775A13929AD4EB6007159F5 /* Settings.bundle */ = {isa = PBXFileReference; lastKnownFileType = "wrapper.plug-in"; path = Settings.bundle; sourceTree = "<group>"; };
		37763CE129AAC1E50051CFE5 /* whisper.app */ = {isa = PBXFileReference; explicitFileType = wrapper.application; includeInIndex = 0; path = whisper.app; sourceTree = BUILT_PRODUCTS_DIR; };
		37763CE429AAC1E50051CFE5 /* whisperApp.swift */ = {isa = PBXFileReference; lastKnownFileType = sourcecode.swift; path = whisperApp.swift; sourceTree = "<group>"; };
		37763CE829AAC1E60051CFE5 /* Assets.xcassets */ = {isa = PBXFileReference; lastKnownFileType = folder.assetcatalog; path = Assets.xcassets; sourceTree = "<group>"; };
		37763CEB29AAC1E60051CFE5 /* Preview Assets.xcassets */ = {isa = PBXFileReference; lastKnownFileType = folder.assetcatalog; path = "Preview Assets.xcassets"; sourceTree = "<group>"; };
		37763D0E29AB3D5A0051CFE5 /* README.md */ = {isa = PBXFileReference; lastKnownFileType = net.daringfireball.markdown; path = README.md; sourceTree = "<group>"; };
		37763D1629AC2F710051CFE5 /* LICENSE */ = {isa = PBXFileReference; fileEncoding = 4; lastKnownFileType = text; path = LICENSE; sourceTree = "<group>"; };
		37763D1C29AC33230051CFE5 /* BluetoothData.swift */ = {isa = PBXFileReference; lastKnownFileType = sourcecode.swift; path = BluetoothData.swift; sourceTree = "<group>"; };
		37763D1F29AC4C5B0051CFE5 /* Set+Cancelable.swift */ = {isa = PBXFileReference; lastKnownFileType = sourcecode.swift; path = "Set+Cancelable.swift"; sourceTree = "<group>"; };
		37763D2529AC8D550051CFE5 /* ListenView.swift */ = {isa = PBXFileReference; lastKnownFileType = sourcecode.swift; path = ListenView.swift; sourceTree = "<group>"; };
		377646C529BACB4B002C411C /* MainViewModel.swift */ = {isa = PBXFileReference; lastKnownFileType = sourcecode.swift; path = MainViewModel.swift; sourceTree = "<group>"; };
		377646C729BACB73002C411C /* MainView.swift */ = {isa = PBXFileReference; lastKnownFileType = sourcecode.swift; path = MainView.swift; sourceTree = "<group>"; };
		377646C929BACC16002C411C /* BluetoothFactory.swift */ = {isa = PBXFileReference; lastKnownFileType = sourcecode.swift; path = BluetoothFactory.swift; sourceTree = "<group>"; };
		377B3D222C4716F70041D26C /* SleepControl.swift */ = {isa = PBXFileReference; lastKnownFileType = sourcecode.swift; path = SleepControl.swift; sourceTree = "<group>"; };
		377B3D242C4867060041D26C /* WhisperPastTextView.swift */ = {isa = PBXFileReference; lastKnownFileType = sourcecode.swift; path = WhisperPastTextView.swift; sourceTree = "<group>"; };
		377C01052B7A65CC00489C05 /* WhisperProfile.swift */ = {isa = PBXFileReference; lastKnownFileType = sourcecode.swift; path = WhisperProfile.swift; sourceTree = "<group>"; };
		377C01072B7A65DB00489C05 /* ListenProfile.swift */ = {isa = PBXFileReference; lastKnownFileType = sourcecode.swift; path = ListenProfile.swift; sourceTree = "<group>"; };
		377C01092B7AD47800489C05 /* Data+JSON.swift */ = {isa = PBXFileReference; lastKnownFileType = sourcecode.swift; path = "Data+JSON.swift"; sourceTree = "<group>"; };
		377C010B2B7C1EEF00489C05 /* ShareProfileView.swift */ = {isa = PBXFileReference; lastKnownFileType = sourcecode.swift; path = ShareProfileView.swift; sourceTree = "<group>"; };
		377D70F72A899C88009B416F /* BluetoothWhisperTransport.swift */ = {isa = PBXFileReference; lastKnownFileType = sourcecode.swift; path = BluetoothWhisperTransport.swift; sourceTree = "<group>"; };
		377D710A2A8EBE16009B416F /* BluetoothListenTransport.swift */ = {isa = PBXFileReference; lastKnownFileType = sourcecode.swift; path = BluetoothListenTransport.swift; sourceTree = "<group>"; };
		377D710E2A913BFE009B416F /* TcpListenTransport.swift */ = {isa = PBXFileReference; lastKnownFileType = sourcecode.swift; path = TcpListenTransport.swift; sourceTree = "<group>"; };
		377D710F2A913BFE009B416F /* TcpWhisperTransport.swift */ = {isa = PBXFileReference; lastKnownFileType = sourcecode.swift; path = TcpWhisperTransport.swift; sourceTree = "<group>"; };
		377D71102A913BFE009B416F /* TcpFactory.swift */ = {isa = PBXFileReference; lastKnownFileType = sourcecode.swift; path = TcpFactory.swift; sourceTree = "<group>"; };
		377D71142A913E2E009B416F /* PreferenceData.swift */ = {isa = PBXFileReference; lastKnownFileType = sourcecode.swift; path = PreferenceData.swift; sourceTree = "<group>"; };
		377D711A2A956C23009B416F /* TcpAuthenticator.swift */ = {isa = PBXFileReference; lastKnownFileType = sourcecode.swift; path = TcpAuthenticator.swift; sourceTree = "<group>"; };
		377D711D2A95CE5E009B416F /* ComboFactory.swift */ = {isa = PBXFileReference; lastKnownFileType = sourcecode.swift; path = ComboFactory.swift; sourceTree = "<group>"; };
		377D711F2A95CEAC009B416F /* ComboListenTransport.swift */ = {isa = PBXFileReference; lastKnownFileType = sourcecode.swift; path = ComboListenTransport.swift; sourceTree = "<group>"; };
		377D71202A95CEAC009B416F /* ComboWhisperTransport.swift */ = {isa = PBXFileReference; lastKnownFileType = sourcecode.swift; path = ComboWhisperTransport.swift; sourceTree = "<group>"; };
		378A8E1629C554F20097F15A /* WhisperProtocol.swift */ = {isa = PBXFileReference; lastKnownFileType = sourcecode.swift; path = WhisperProtocol.swift; sourceTree = "<group>"; };
		37922F242C72B66B00D250C6 /* typewriter-carriage-return.caf */ = {isa = PBXFileReference; lastKnownFileType = file; path = "typewriter-carriage-return.caf"; sourceTree = "<group>"; };
		37922F252C72B66B00D250C6 /* typewriter-bell.caf */ = {isa = PBXFileReference; lastKnownFileType = file; path = "typewriter-bell.caf"; sourceTree = "<group>"; };
		37922F262C72B66B00D250C6 /* typewriter-two-minutes.caf */ = {isa = PBXFileReference; lastKnownFileType = file; path = "typewriter-two-minutes.caf"; sourceTree = "<group>"; };
		379570CA29EA313D0033CF14 /* bike-bell.caf */ = {isa = PBXFileReference; lastKnownFileType = file; path = "bike-bell.caf"; sourceTree = "<group>"; };
		379570CB29EA313D0033CF14 /* bike-horn.caf */ = {isa = PBXFileReference; lastKnownFileType = file; path = "bike-horn.caf"; sourceTree = "<group>"; };
		379570CC29EA313D0033CF14 /* air-horn.caf */ = {isa = PBXFileReference; lastKnownFileType = file; path = "air-horn.caf"; sourceTree = "<group>"; };
		3797F9FD2A7F2B9B00F76817 /* ChoiceView.swift */ = {isa = PBXFileReference; lastKnownFileType = sourcecode.swift; path = ChoiceView.swift; sourceTree = "<group>"; };
		37B6236E29EF166800213790 /* ListenersView.swift */ = {isa = PBXFileReference; lastKnownFileType = sourcecode.swift; path = ListenersView.swift; sourceTree = "<group>"; };
		37B6237529F78AA500213790 /* WhisperersView.swift */ = {isa = PBXFileReference; lastKnownFileType = sourcecode.swift; path = WhisperersView.swift; sourceTree = "<group>"; };
		37C5142129CA2B35001A121B /* ListenPastTextView.swift */ = {isa = PBXFileReference; lastKnownFileType = sourcecode.swift; path = ListenPastTextView.swift; sourceTree = "<group>"; };
		37C5142329CA2B44001A121B /* PastTextModel.swift */ = {isa = PBXFileReference; lastKnownFileType = sourcecode.swift; path = PastTextModel.swift; sourceTree = "<group>"; };
		37CBBD0B2AF8CAC7006AE49F /* UserProfile.swift */ = {isa = PBXFileReference; lastKnownFileType = sourcecode.swift; path = UserProfile.swift; sourceTree = "<group>"; };
		37CBBD0E2AFB112B006AE49F /* WhisperProfileView.swift */ = {isa = PBXFileReference; lastKnownFileType = sourcecode.swift; path = WhisperProfileView.swift; sourceTree = "<group>"; };
		37D553CB2A10717E00C27888 /* SizePrinter.swift */ = {isa = PBXFileReference; lastKnownFileType = sourcecode.swift; path = SizePrinter.swift; sourceTree = "<group>"; };
		37D6B35829BC5DD300F952FE /* WhisperView.swift */ = {isa = PBXFileReference; lastKnownFileType = sourcecode.swift; path = WhisperView.swift; sourceTree = "<group>"; };
		37D6B35D29BCF66400F952FE /* ListenViewModel.swift */ = {isa = PBXFileReference; lastKnownFileType = sourcecode.swift; path = ListenViewModel.swift; sourceTree = "<group>"; };
		37D78A152B2FB50D002494CD /* MakeBinding.swift */ = {isa = PBXFileReference; lastKnownFileType = sourcecode.swift; path = MakeBinding.swift; sourceTree = "<group>"; };
		37D78A172B2FE017002494CD /* WhisperProfileDetailView.swift */ = {isa = PBXFileReference; lastKnownFileType = sourcecode.swift; path = WhisperProfileDetailView.swift; sourceTree = "<group>"; };
		37DE2B282BA2AFDD00EDA9D0 /* PrivacyInfo.xcprivacy */ = {isa = PBXFileReference; lastKnownFileType = text.xml; path = PrivacyInfo.xcprivacy; sourceTree = "<group>"; };
		37ED7A812A24FB8C007A0EA7 /* whisper.entitlements */ = {isa = PBXFileReference; lastKnownFileType = text.plist.entitlements; path = whisper.entitlements; sourceTree = "<group>"; };
		37F8C26D2A87DFA7004DED77 /* TransportProtocol.swift */ = {isa = PBXFileReference; lastKnownFileType = sourcecode.swift; path = TransportProtocol.swift; sourceTree = "<group>"; };
/* End PBXFileReference section */

/* Begin PBXFrameworksBuildPhase section */
		37763CDE29AAC1E50051CFE5 /* Frameworks */ = {
			isa = PBXFrameworksBuildPhase;
			buildActionMask = 2147483647;
			files = (
				373D3D092BED98F300FCD1F5 /* SwiftUIWindowBinder in Frameworks */,
				37DE2B272BA278DE00EDA9D0 /* Ably in Frameworks */,
				377D71192A956B4C009B416F /* SwiftJWT in Frameworks */,
			);
			runOnlyForDeploymentPostprocessing = 0;
		};
/* End PBXFrameworksBuildPhase section */

/* Begin PBXGroup section */
		3712340C29E20BAF00CBF49C /* ControlView */ = {
			isa = PBXGroup;
			children = (
				3712340D29E20BD700CBF49C /* ListenControlView.swift */,
				37541D5B2C71172C00922C01 /* WhisperControlView.swift */,
			);
			path = ControlView;
			sourceTree = "<group>";
		};
		3743EF5A2C409AD300B5021F /* ErrorViews */ = {
			isa = PBXGroup;
			children = (
				3743EF5B2C409B0100B5021F /* ConnectionErrorViews.swift */,
			);
			path = ErrorViews;
			sourceTree = "<group>";
		};
		3758F3EC29E8C2E00072F7A8 /* Sounds */ = {
			isa = PBXGroup;
			children = (
				379570CC29EA313D0033CF14 /* air-horn.caf */,
				379570CA29EA313D0033CF14 /* bike-bell.caf */,
				379570CB29EA313D0033CF14 /* bike-horn.caf */,
				37922F252C72B66B00D250C6 /* typewriter-bell.caf */,
				37922F242C72B66B00D250C6 /* typewriter-carriage-return.caf */,
				37922F262C72B66B00D250C6 /* typewriter-two-minutes.caf */,
				372FF6F92CC35376000F0B65 /* low-frequency-typing.caf */,
			);
			path = Sounds;
			sourceTree = "<group>";
		};
		376388CB29DDFB3F006E5686 /* StatusTextView */ = {
			isa = PBXGroup;
			children = (
				376388CC29DDFB77006E5686 /* ListenStatusTextView.swift */,
				372A74012C7543AE00531CC8 /* WhisperStatusTextView.swift */,
			);
			path = StatusTextView;
			sourceTree = "<group>";
		};
		37763CD829AAC1E50051CFE5 = {
			isa = PBXGroup;
			children = (
				37763D0E29AB3D5A0051CFE5 /* README.md */,
				37763D1629AC2F710051CFE5 /* LICENSE */,
				37763CE329AAC1E50051CFE5 /* whisper */,
				37763CE229AAC1E50051CFE5 /* Products */,
				3796EF6B2AA12986009C716F /* Frameworks */,
			);
			sourceTree = "<group>";
		};
		37763CE229AAC1E50051CFE5 /* Products */ = {
			isa = PBXGroup;
			children = (
				37763CE129AAC1E50051CFE5 /* whisper.app */,
			);
			name = Products;
			sourceTree = "<group>";
		};
		37763CE329AAC1E50051CFE5 /* whisper */ = {
			isa = PBXGroup;
			children = (
				37ED7A812A24FB8C007A0EA7 /* whisper.entitlements */,
				37594DCA29C224660043C152 /* Info.plist */,
				37DE2B282BA2AFDD00EDA9D0 /* PrivacyInfo.xcprivacy */,
				37763CE429AAC1E50051CFE5 /* whisperApp.swift */,
				37763D0F29AB54F80051CFE5 /* Views */,
				37763D1329AC034B0051CFE5 /* Models */,
				37763D1E29AC4C3E0051CFE5 /* Extensions */,
				37763CE829AAC1E60051CFE5 /* Assets.xcassets */,
				3758F3EC29E8C2E00072F7A8 /* Sounds */,
				37763CEA29AAC1E60051CFE5 /* Preview Content */,
				3775A13929AD4EB6007159F5 /* Settings.bundle */,
			);
			path = whisper;
			sourceTree = "<group>";
		};
		37763CEA29AAC1E60051CFE5 /* Preview Content */ = {
			isa = PBXGroup;
			children = (
				37763CEB29AAC1E60051CFE5 /* Preview Assets.xcassets */,
			);
			path = "Preview Content";
			sourceTree = "<group>";
		};
		37763D0F29AB54F80051CFE5 /* Views */ = {
			isa = PBXGroup;
			children = (
				37CBBD0D2AFB110B006AE49F /* ProfileViews */,
				377646C229BAC589002C411C /* MainView */,
				37763D1229AB561F0051CFE5 /* ListenView */,
				37763D1129AB560E0051CFE5 /* WhisperView */,
				3712340C29E20BAF00CBF49C /* ControlView */,
				37C5142029CA2B0F001A121B /* PastTextView */,
				376388CB29DDFB3F006E5686 /* StatusTextView */,
				3743EF5A2C409AD300B5021F /* ErrorViews */,
			);
			path = Views;
			sourceTree = "<group>";
		};
		37763D1129AB560E0051CFE5 /* WhisperView */ = {
			isa = PBXGroup;
			children = (
				37D6B35829BC5DD300F952FE /* WhisperView.swift */,
				374BBEBA29BD809D0052997A /* WhisperViewModel.swift */,
				37B6236E29EF166800213790 /* ListenersView.swift */,
			);
			path = WhisperView;
			sourceTree = "<group>";
		};
		37763D1229AB561F0051CFE5 /* ListenView */ = {
			isa = PBXGroup;
			children = (
				37763D2529AC8D550051CFE5 /* ListenView.swift */,
				37D6B35D29BCF66400F952FE /* ListenViewModel.swift */,
				37B6237529F78AA500213790 /* WhisperersView.swift */,
			);
			path = ListenView;
			sourceTree = "<group>";
		};
		37763D1329AC034B0051CFE5 /* Models */ = {
			isa = PBXGroup;
			children = (
				3771F83429DD2F900011419E /* FontSizes.swift */,
				377D71142A913E2E009B416F /* PreferenceData.swift */,
				37C5142329CA2B44001A121B /* PastTextModel.swift */,
				378A8E1629C554F20097F15A /* WhisperProtocol.swift */,
				375152A02B61E6990045FEBD /* ElevenLabs.swift */,
				37F8C26C2A87DF23004DED77 /* Transports */,
				377C01042B7A65A500489C05 /* UserProfile */,
			);
			path = Models;
			sourceTree = "<group>";
		};
		37763D1E29AC4C3E0051CFE5 /* Extensions */ = {
			isa = PBXGroup;
			children = (
				37763D1F29AC4C5B0051CFE5 /* Set+Cancelable.swift */,
				3712341129E2151100CBF49C /* Binding+Convert.swift */,
				37D553CB2A10717E00C27888 /* SizePrinter.swift */,
				37D78A152B2FB50D002494CD /* MakeBinding.swift */,
				377C01092B7AD47800489C05 /* Data+JSON.swift */,
				374D3E1E2BEC4D120096B953 /* FirstKeyWindow.swift */,
				377B3D222C4716F70041D26C /* SleepControl.swift */,
				37159A9D2C605481005CB922 /* String+LocalizedError.swift */,
				37159AA72C6A9488005CB922 /* HasherFNV1a.swift */,
			);
			path = Extensions;
			sourceTree = "<group>";
		};
		377646C229BAC589002C411C /* MainView */ = {
			isa = PBXGroup;
			children = (
				3724D7C32BB4A3EA00BC6741 /* RootView.swift */,
				377237242BB8F5BE0062A833 /* LinkView.swift */,
				377646C729BACB73002C411C /* MainView.swift */,
				377646C529BACB4B002C411C /* MainViewModel.swift */,
				3797F9FD2A7F2B9B00F76817 /* ChoiceView.swift */,
			);
			path = MainView;
			sourceTree = "<group>";
		};
		377C01042B7A65A500489C05 /* UserProfile */ = {
			isa = PBXGroup;
			children = (
				37CBBD0B2AF8CAC7006AE49F /* UserProfile.swift */,
				377C01052B7A65CC00489C05 /* WhisperProfile.swift */,
				377C01072B7A65DB00489C05 /* ListenProfile.swift */,
				373151102BA7624D005E989D /* SettingsProfile.swift */,
				37159A992C4DC9D3005CB922 /* FavoritesProfile.swift */,
			);
			path = UserProfile;
			sourceTree = "<group>";
		};
		377D70F42A899C3A009B416F /* Bluetooth */ = {
			isa = PBXGroup;
			children = (
				37763D1C29AC33230051CFE5 /* BluetoothData.swift */,
				377646C929BACC16002C411C /* BluetoothFactory.swift */,
				377D70F72A899C88009B416F /* BluetoothWhisperTransport.swift */,
				377D710A2A8EBE16009B416F /* BluetoothListenTransport.swift */,
			);
			path = Bluetooth;
			sourceTree = "<group>";
		};
		377D70F62A899C54009B416F /* Tcp */ = {
			isa = PBXGroup;
			children = (
				377D71102A913BFE009B416F /* TcpFactory.swift */,
				377D710F2A913BFE009B416F /* TcpWhisperTransport.swift */,
				377D710E2A913BFE009B416F /* TcpListenTransport.swift */,
				377D711A2A956C23009B416F /* TcpAuthenticator.swift */,
				373748782AD66D150053858B /* TcpMonitor.swift */,
			);
			path = Tcp;
			sourceTree = "<group>";
		};
		377D711C2A95CE38009B416F /* Combo */ = {
			isa = PBXGroup;
			children = (
				377D711D2A95CE5E009B416F /* ComboFactory.swift */,
				377D71202A95CEAC009B416F /* ComboWhisperTransport.swift */,
				377D711F2A95CEAC009B416F /* ComboListenTransport.swift */,
			);
			path = Combo;
			sourceTree = "<group>";
		};
		3796EF6B2AA12986009C716F /* Frameworks */ = {
			isa = PBXGroup;
			children = (
			);
			name = Frameworks;
			sourceTree = "<group>";
		};
		37C5142029CA2B0F001A121B /* PastTextView */ = {
			isa = PBXGroup;
			children = (
				37C5142129CA2B35001A121B /* ListenPastTextView.swift */,
				377B3D242C4867060041D26C /* WhisperPastTextView.swift */,
			);
			path = PastTextView;
			sourceTree = "<group>";
		};
		37CBBD0D2AFB110B006AE49F /* ProfileViews */ = {
			isa = PBXGroup;
			children = (
				37CBBD0E2AFB112B006AE49F /* WhisperProfileView.swift */,
				37D78A172B2FE017002494CD /* WhisperProfileDetailView.swift */,
				37472EBA2BF43381005713E1 /* WhisperTranscriptView.swift */,
				37076DE42B12DB97003AC2FD /* ListenProfileView.swift */,
				377C010B2B7C1EEF00489C05 /* ShareProfileView.swift */,
				37159A9F2C65E4DD005CB922 /* FavoritesProfileView.swift */,
				37159AA52C69EA70005CB922 /* FavoritesGroupView.swift */,
				37159AA12C66F40C005CB922 /* FavoritesGroupDetailView.swift */,
				37159AA32C66F425005CB922 /* FavoritesDetailView.swift */,
				37541D592C71150F00922C01 /* FavoritesUseView.swift */,
			);
			path = ProfileViews;
			sourceTree = "<group>";
		};
		37F8C26C2A87DF23004DED77 /* Transports */ = {
			isa = PBXGroup;
			children = (
				37F8C26D2A87DFA7004DED77 /* TransportProtocol.swift */,
				377D711C2A95CE38009B416F /* Combo */,
				377D70F62A899C54009B416F /* Tcp */,
				377D70F42A899C3A009B416F /* Bluetooth */,
			);
			path = Transports;
			sourceTree = "<group>";
		};
/* End PBXGroup section */

/* Begin PBXNativeTarget section */
		37763CE029AAC1E50051CFE5 /* whisper */ = {
			isa = PBXNativeTarget;
			buildConfigurationList = 37763D0529AAC1E60051CFE5 /* Build configuration list for PBXNativeTarget "whisper" */;
			buildPhases = (
				37763CDD29AAC1E50051CFE5 /* Sources */,
				37763CDE29AAC1E50051CFE5 /* Frameworks */,
				37763CDF29AAC1E50051CFE5 /* Resources */,
			);
			buildRules = (
			);
			dependencies = (
			);
			name = whisper;
			packageProductDependencies = (
				377D71182A956B4C009B416F /* SwiftJWT */,
				37DE2B262BA278DE00EDA9D0 /* Ably */,
				373D3D082BED98F300FCD1F5 /* SwiftUIWindowBinder */,
			);
			productName = whisper;
			productReference = 37763CE129AAC1E50051CFE5 /* whisper.app */;
			productType = "com.apple.product-type.application";
		};
/* End PBXNativeTarget section */

/* Begin PBXProject section */
		37763CD929AAC1E50051CFE5 /* Project object */ = {
			isa = PBXProject;
			attributes = {
				BuildIndependentTargetsInParallel = 1;
				LastSwiftUpdateCheck = 1420;
				LastUpgradeCheck = 2620;
				TargetAttributes = {
					37763CE029AAC1E50051CFE5 = {
						CreatedOnToolsVersion = 14.2;
					};
				};
			};
			buildConfigurationList = 37763CDC29AAC1E50051CFE5 /* Build configuration list for PBXProject "whisper" */;
			compatibilityVersion = "Xcode 14.0";
			developmentRegion = en;
			hasScannedForEncodings = 0;
			knownRegions = (
				en,
				Base,
			);
			mainGroup = 37763CD829AAC1E50051CFE5;
			packageReferences = (
				377D71172A956B4C009B416F /* XCRemoteSwiftPackageReference "Swift-JWT" */,
				37DE2B252BA278DE00EDA9D0 /* XCRemoteSwiftPackageReference "ably-cocoa" */,
				373D3D072BED98F300FCD1F5 /* XCRemoteSwiftPackageReference "SwiftUIWindowBinder" */,
			);
			productRefGroup = 37763CE229AAC1E50051CFE5 /* Products */;
			projectDirPath = "";
			projectRoot = "";
			targets = (
				37763CE029AAC1E50051CFE5 /* whisper */,
			);
		};
/* End PBXProject section */

/* Begin PBXResourcesBuildPhase section */
		37763CDF29AAC1E50051CFE5 /* Resources */ = {
			isa = PBXResourcesBuildPhase;
			buildActionMask = 2147483647;
			files = (
				379570CD29EA314A0033CF14 /* air-horn.caf in Resources */,
				379570CE29EA314A0033CF14 /* bike-bell.caf in Resources */,
				379570CF29EA314A0033CF14 /* bike-horn.caf in Resources */,
				37922F282C72B66B00D250C6 /* typewriter-bell.caf in Resources */,
				37922F292C72B66B00D250C6 /* typewriter-two-minutes.caf in Resources */,
				3775A13A29AD4EB6007159F5 /* Settings.bundle in Resources */,
				37763D1729AC2F710051CFE5 /* LICENSE in Resources */,
				37763CEC29AAC1E60051CFE5 /* Preview Assets.xcassets in Resources */,
				3731510F2BA760EC005E989D /* PrivacyInfo.xcprivacy in Resources */,
				372FF6FA2CC35376000F0B65 /* low-frequency-typing.caf in Resources */,
				37922F272C72B66B00D250C6 /* typewriter-carriage-return.caf in Resources */,
				37763CE929AAC1E60051CFE5 /* Assets.xcassets in Resources */,
			);
			runOnlyForDeploymentPostprocessing = 0;
		};
/* End PBXResourcesBuildPhase section */

/* Begin PBXSourcesBuildPhase section */
		37763CDD29AAC1E50051CFE5 /* Sources */ = {
			isa = PBXSourcesBuildPhase;
			buildActionMask = 2147483647;
			files = (
				376388CD29DDFB77006E5686 /* ListenStatusTextView.swift in Sources */,
				377646C829BACB73002C411C /* MainView.swift in Sources */,
				373151112BA7624D005E989D /* SettingsProfile.swift in Sources */,
				3771F83529DD2F900011419E /* FontSizes.swift in Sources */,
				377B3D232C4716F70041D26C /* SleepControl.swift in Sources */,
				37159AA42C66F425005CB922 /* FavoritesDetailView.swift in Sources */,
				377C010C2B7C1EEF00489C05 /* ShareProfileView.swift in Sources */,
				377646CA29BACC16002C411C /* BluetoothFactory.swift in Sources */,
				372A74022C7543AE00531CC8 /* WhisperStatusTextView.swift in Sources */,
				37159A9E2C605481005CB922 /* String+LocalizedError.swift in Sources */,
				377C01062B7A65CC00489C05 /* WhisperProfile.swift in Sources */,
				37763D2029AC4C5B0051CFE5 /* Set+Cancelable.swift in Sources */,
				37159A9C2C5AF4D9005CB922 /* FavoritesProfile.swift in Sources */,
				37076DE52B12DB97003AC2FD /* ListenProfileView.swift in Sources */,
				377D711B2A956C23009B416F /* TcpAuthenticator.swift in Sources */,
				37B6236F29EF166800213790 /* ListenersView.swift in Sources */,
				377B3D252C4867060041D26C /* WhisperPastTextView.swift in Sources */,
				377D71112A913C5C009B416F /* TcpFactory.swift in Sources */,
				3797F9FE2A7F2B9B00F76817 /* ChoiceView.swift in Sources */,
				37763D1D29AC33230051CFE5 /* BluetoothData.swift in Sources */,
				37541D5C2C71172C00922C01 /* WhisperControlView.swift in Sources */,
				377D71132A913CA4009B416F /* TcpListenTransport.swift in Sources */,
				377646C629BACB4B002C411C /* MainViewModel.swift in Sources */,
				375152A12B61E6990045FEBD /* ElevenLabs.swift in Sources */,
				377C010A2B7AD47800489C05 /* Data+JSON.swift in Sources */,
				37541D5A2C71150F00922C01 /* FavoritesUseView.swift in Sources */,
				373D3D0A2BEDA60A00FCD1F5 /* FirstKeyWindow.swift in Sources */,
				37763CE529AAC1E50051CFE5 /* whisperApp.swift in Sources */,
				37CBBD0F2AFB112B006AE49F /* WhisperProfileView.swift in Sources */,
				3724D7C42BB4A3EA00BC6741 /* RootView.swift in Sources */,
				3712340E29E20BD700CBF49C /* ListenControlView.swift in Sources */,
				377C01082B7A65DB00489C05 /* ListenProfile.swift in Sources */,
				377D71222A95CEAC009B416F /* ComboListenTransport.swift in Sources */,
				37B6237629F78AA500213790 /* WhisperersView.swift in Sources */,
				37F8C26E2A87DFA7004DED77 /* TransportProtocol.swift in Sources */,
				378A8E1729C554F20097F15A /* WhisperProtocol.swift in Sources */,
				37159AA02C65E4DD005CB922 /* FavoritesProfileView.swift in Sources */,
				37763D2629AC8D550051CFE5 /* ListenView.swift in Sources */,
				37D78A162B2FB50D002494CD /* MakeBinding.swift in Sources */,
				377D710B2A8EBE16009B416F /* BluetoothListenTransport.swift in Sources */,
				377D71122A913C8F009B416F /* TcpWhisperTransport.swift in Sources */,
				37D6B35929BC5DD300F952FE /* WhisperView.swift in Sources */,
				37159AA82C6A9488005CB922 /* HasherFNV1a.swift in Sources */,
				37472EBB2BF43381005713E1 /* WhisperTranscriptView.swift in Sources */,
				373748792AD66D150053858B /* TcpMonitor.swift in Sources */,
				37D78A182B2FE017002494CD /* WhisperProfileDetailView.swift in Sources */,
				37CBBD0C2AF8CAC7006AE49F /* UserProfile.swift in Sources */,
				377D70F82A8A909C009B416F /* BluetoothWhisperTransport.swift in Sources */,
				377D711E2A95CE5E009B416F /* ComboFactory.swift in Sources */,
				377D71162A913E8B009B416F /* PreferenceData.swift in Sources */,
				377D71212A95CEAC009B416F /* ComboWhisperTransport.swift in Sources */,
				37159AA22C66F40C005CB922 /* FavoritesGroupDetailView.swift in Sources */,
				37C5142229CA2B35001A121B /* ListenPastTextView.swift in Sources */,
				3743EF5C2C409B0100B5021F /* ConnectionErrorViews.swift in Sources */,
				37D6B35E29BCF66400F952FE /* ListenViewModel.swift in Sources */,
				374BBEBB29BD809D0052997A /* WhisperViewModel.swift in Sources */,
				377237252BB8F5BE0062A833 /* LinkView.swift in Sources */,
				37C5142429CA2B44001A121B /* PastTextModel.swift in Sources */,
				37159AA62C69EA70005CB922 /* FavoritesGroupView.swift in Sources */,
			);
			runOnlyForDeploymentPostprocessing = 0;
		};
/* End PBXSourcesBuildPhase section */

/* Begin XCBuildConfiguration section */
		37763D0329AAC1E60051CFE5 /* Debug */ = {
			isa = XCBuildConfiguration;
			buildSettings = {
				ALWAYS_SEARCH_USER_PATHS = NO;
				ASSETCATALOG_COMPILER_GENERATE_SWIFT_ASSET_SYMBOL_EXTENSIONS = YES;
				CLANG_ANALYZER_NONNULL = YES;
				CLANG_ANALYZER_NUMBER_OBJECT_CONVERSION = YES_AGGRESSIVE;
				CLANG_CXX_LANGUAGE_STANDARD = "gnu++20";
				CLANG_ENABLE_MODULES = YES;
				CLANG_ENABLE_OBJC_ARC = YES;
				CLANG_ENABLE_OBJC_WEAK = YES;
				CLANG_WARN_BLOCK_CAPTURE_AUTORELEASING = YES;
				CLANG_WARN_BOOL_CONVERSION = YES;
				CLANG_WARN_COMMA = YES;
				CLANG_WARN_CONSTANT_CONVERSION = YES;
				CLANG_WARN_DEPRECATED_OBJC_IMPLEMENTATIONS = YES;
				CLANG_WARN_DIRECT_OBJC_ISA_USAGE = YES_ERROR;
				CLANG_WARN_DOCUMENTATION_COMMENTS = YES;
				CLANG_WARN_EMPTY_BODY = YES;
				CLANG_WARN_ENUM_CONVERSION = YES;
				CLANG_WARN_INFINITE_RECURSION = YES;
				CLANG_WARN_INT_CONVERSION = YES;
				CLANG_WARN_NON_LITERAL_NULL_CONVERSION = YES;
				CLANG_WARN_OBJC_IMPLICIT_RETAIN_SELF = YES;
				CLANG_WARN_OBJC_LITERAL_CONVERSION = YES;
				CLANG_WARN_OBJC_ROOT_CLASS = YES_ERROR;
				CLANG_WARN_QUOTED_INCLUDE_IN_FRAMEWORK_HEADER = YES;
				CLANG_WARN_RANGE_LOOP_ANALYSIS = YES;
				CLANG_WARN_STRICT_PROTOTYPES = YES;
				CLANG_WARN_SUSPICIOUS_MOVE = YES;
				CLANG_WARN_UNGUARDED_AVAILABILITY = YES_AGGRESSIVE;
				CLANG_WARN_UNREACHABLE_CODE = YES;
				CLANG_WARN__DUPLICATE_METHOD_MATCH = YES;
				COPY_PHASE_STRIP = NO;
				DEBUG_INFORMATION_FORMAT = dwarf;
				DEVELOPMENT_TEAM = P7YF26GARW;
				ENABLE_STRICT_OBJC_MSGSEND = YES;
				ENABLE_TESTABILITY = YES;
				ENABLE_USER_SCRIPT_SANDBOXING = YES;
				GCC_C_LANGUAGE_STANDARD = gnu11;
				GCC_DYNAMIC_NO_PIC = NO;
				GCC_NO_COMMON_BLOCKS = YES;
				GCC_OPTIMIZATION_LEVEL = 0;
				GCC_PREPROCESSOR_DEFINITIONS = (
					"DEBUG=1",
					"$(inherited)",
				);
				GCC_WARN_64_TO_32_BIT_CONVERSION = YES;
				GCC_WARN_ABOUT_RETURN_TYPE = YES_ERROR;
				GCC_WARN_UNDECLARED_SELECTOR = YES;
				GCC_WARN_UNINITIALIZED_AUTOS = YES_AGGRESSIVE;
				GCC_WARN_UNUSED_FUNCTION = YES;
				GCC_WARN_UNUSED_VARIABLE = YES;
				INFOPLIST_KEY_NSHumanReadableCopyright = "";
				IPHONEOS_DEPLOYMENT_TARGET = 16.0;
				MTL_ENABLE_DEBUG_INFO = INCLUDE_SOURCE;
				MTL_FAST_MATH = YES;
				ONLY_ACTIVE_ARCH = YES;
				SDKROOT = iphoneos;
				STRING_CATALOG_GENERATE_SYMBOLS = YES;
				SWIFT_ACTIVE_COMPILATION_CONDITIONS = DEBUG;
				SWIFT_OPTIMIZATION_LEVEL = "-Onone";
			};
			name = Debug;
		};
		37763D0429AAC1E60051CFE5 /* Release */ = {
			isa = XCBuildConfiguration;
			buildSettings = {
				ALWAYS_SEARCH_USER_PATHS = NO;
				ASSETCATALOG_COMPILER_GENERATE_SWIFT_ASSET_SYMBOL_EXTENSIONS = YES;
				CLANG_ANALYZER_NONNULL = YES;
				CLANG_ANALYZER_NUMBER_OBJECT_CONVERSION = YES_AGGRESSIVE;
				CLANG_CXX_LANGUAGE_STANDARD = "gnu++20";
				CLANG_ENABLE_MODULES = YES;
				CLANG_ENABLE_OBJC_ARC = YES;
				CLANG_ENABLE_OBJC_WEAK = YES;
				CLANG_WARN_BLOCK_CAPTURE_AUTORELEASING = YES;
				CLANG_WARN_BOOL_CONVERSION = YES;
				CLANG_WARN_COMMA = YES;
				CLANG_WARN_CONSTANT_CONVERSION = YES;
				CLANG_WARN_DEPRECATED_OBJC_IMPLEMENTATIONS = YES;
				CLANG_WARN_DIRECT_OBJC_ISA_USAGE = YES_ERROR;
				CLANG_WARN_DOCUMENTATION_COMMENTS = YES;
				CLANG_WARN_EMPTY_BODY = YES;
				CLANG_WARN_ENUM_CONVERSION = YES;
				CLANG_WARN_INFINITE_RECURSION = YES;
				CLANG_WARN_INT_CONVERSION = YES;
				CLANG_WARN_NON_LITERAL_NULL_CONVERSION = YES;
				CLANG_WARN_OBJC_IMPLICIT_RETAIN_SELF = YES;
				CLANG_WARN_OBJC_LITERAL_CONVERSION = YES;
				CLANG_WARN_OBJC_ROOT_CLASS = YES_ERROR;
				CLANG_WARN_QUOTED_INCLUDE_IN_FRAMEWORK_HEADER = YES;
				CLANG_WARN_RANGE_LOOP_ANALYSIS = YES;
				CLANG_WARN_STRICT_PROTOTYPES = YES;
				CLANG_WARN_SUSPICIOUS_MOVE = YES;
				CLANG_WARN_UNGUARDED_AVAILABILITY = YES_AGGRESSIVE;
				CLANG_WARN_UNREACHABLE_CODE = YES;
				CLANG_WARN__DUPLICATE_METHOD_MATCH = YES;
				COPY_PHASE_STRIP = NO;
				DEBUG_INFORMATION_FORMAT = "dwarf-with-dsym";
				DEVELOPMENT_TEAM = P7YF26GARW;
				ENABLE_NS_ASSERTIONS = NO;
				ENABLE_STRICT_OBJC_MSGSEND = YES;
				ENABLE_USER_SCRIPT_SANDBOXING = YES;
				GCC_C_LANGUAGE_STANDARD = gnu11;
				GCC_NO_COMMON_BLOCKS = YES;
				GCC_WARN_64_TO_32_BIT_CONVERSION = YES;
				GCC_WARN_ABOUT_RETURN_TYPE = YES_ERROR;
				GCC_WARN_UNDECLARED_SELECTOR = YES;
				GCC_WARN_UNINITIALIZED_AUTOS = YES_AGGRESSIVE;
				GCC_WARN_UNUSED_FUNCTION = YES;
				GCC_WARN_UNUSED_VARIABLE = YES;
				INFOPLIST_KEY_NSHumanReadableCopyright = "";
				IPHONEOS_DEPLOYMENT_TARGET = 16.0;
				MTL_ENABLE_DEBUG_INFO = NO;
				MTL_FAST_MATH = YES;
				SDKROOT = iphoneos;
				STRING_CATALOG_GENERATE_SYMBOLS = YES;
				SWIFT_COMPILATION_MODE = wholemodule;
				SWIFT_OPTIMIZATION_LEVEL = "-O";
				VALIDATE_PRODUCT = YES;
			};
			name = Release;
		};
		37763D0629AAC1E60051CFE5 /* Debug */ = {
			isa = XCBuildConfiguration;
			buildSettings = {
				ASSETCATALOG_COMPILER_APPICON_NAME = AppIcon;
				ASSETCATALOG_COMPILER_GLOBAL_ACCENT_COLOR_NAME = AccentColor;
				CODE_SIGN_ENTITLEMENTS = whisper/whisper.entitlements;
				CODE_SIGN_IDENTITY = "Apple Development";
				CODE_SIGN_STYLE = Automatic;
				CURRENT_PROJECT_VERSION = 20800004;
				DEVELOPMENT_ASSET_PATHS = "\"whisper/Preview Content\"";
				ENABLE_APP_SANDBOX = YES;
				ENABLE_OUTGOING_NETWORK_CONNECTIONS = YES;
				ENABLE_PREVIEWS = YES;
				ENABLE_RESOURCE_ACCESS_BLUETOOTH = YES;
				GENERATE_INFOPLIST_FILE = YES;
				INFOPLIST_FILE = whisper/Info.plist;
				INFOPLIST_KEY_CFBundleDisplayName = Whisper;
				INFOPLIST_KEY_LSApplicationCategoryType = "public.app-category.utilities";
				INFOPLIST_KEY_NSBluetoothAlwaysUsageDescription = "Whisper and Listen to other devices";
				INFOPLIST_KEY_NSBluetoothPeripheralUsageDescription = "Allow discovery by other devices";
				INFOPLIST_KEY_NSBluetoothWhileInUseUsageDescription = "Whispering and Listening to other devices";
				INFOPLIST_KEY_NSHumanReadableCopyright = "";
				INFOPLIST_KEY_UIApplicationSupportsIndirectInputEvents = YES;
				INFOPLIST_KEY_UISupportedInterfaceOrientations_iPad = "UIInterfaceOrientationPortrait UIInterfaceOrientationPortraitUpsideDown UIInterfaceOrientationLandscapeLeft UIInterfaceOrientationLandscapeRight";
				INFOPLIST_KEY_UISupportedInterfaceOrientations_iPhone = "UIInterfaceOrientationPortrait UIInterfaceOrientationLandscapeLeft UIInterfaceOrientationLandscapeRight";
				IPHONEOS_DEPLOYMENT_TARGET = 17.0;
				LD_RUNPATH_SEARCH_PATHS = (
					"$(inherited)",
					"@executable_path/Frameworks",
				);
				MARKETING_VERSION = 2.8;
				PRODUCT_BUNDLE_IDENTIFIER = io.clickonetwo.whisper;
				PRODUCT_NAME = "$(TARGET_NAME)";
				PROVISIONING_PROFILE_SPECIFIER = "";
				SUPPORTED_PLATFORMS = "iphoneos iphonesimulator";
				SUPPORTS_MACCATALYST = YES;
				SUPPORTS_MAC_DESIGNED_FOR_IPHONE_IPAD = NO;
				SUPPORTS_XR_DESIGNED_FOR_IPHONE_IPAD = NO;
				SWIFT_ACTIVE_COMPILATION_CONDITIONS = DEBUG;
				SWIFT_EMIT_LOC_STRINGS = YES;
				SWIFT_VERSION = 5.0;
				TARGETED_DEVICE_FAMILY = "1,2";
			};
			name = Debug;
		};
		37763D0729AAC1E60051CFE5 /* Release */ = {
			isa = XCBuildConfiguration;
			buildSettings = {
				ASSETCATALOG_COMPILER_APPICON_NAME = AppIcon;
				ASSETCATALOG_COMPILER_GLOBAL_ACCENT_COLOR_NAME = AccentColor;
				CODE_SIGN_ENTITLEMENTS = whisper/whisper.entitlements;
				CODE_SIGN_IDENTITY = "Apple Development";
				CODE_SIGN_STYLE = Automatic;
				CURRENT_PROJECT_VERSION = 20800004;
				DEVELOPMENT_ASSET_PATHS = "\"whisper/Preview Content\"";
				ENABLE_APP_SANDBOX = YES;
				ENABLE_OUTGOING_NETWORK_CONNECTIONS = YES;
				ENABLE_PREVIEWS = YES;
				ENABLE_RESOURCE_ACCESS_BLUETOOTH = YES;
				GENERATE_INFOPLIST_FILE = YES;
				INFOPLIST_FILE = whisper/Info.plist;
				INFOPLIST_KEY_CFBundleDisplayName = Whisper;
				INFOPLIST_KEY_LSApplicationCategoryType = "public.app-category.utilities";
				INFOPLIST_KEY_NSBluetoothAlwaysUsageDescription = "Whisper and Listen to other devices";
				INFOPLIST_KEY_NSBluetoothPeripheralUsageDescription = "Allow discovery by other devices";
				INFOPLIST_KEY_NSBluetoothWhileInUseUsageDescription = "Whispering and Listening to other devices";
				INFOPLIST_KEY_NSHumanReadableCopyright = "";
				INFOPLIST_KEY_UIApplicationSupportsIndirectInputEvents = YES;
				INFOPLIST_KEY_UISupportedInterfaceOrientations_iPad = "UIInterfaceOrientationPortrait UIInterfaceOrientationPortraitUpsideDown UIInterfaceOrientationLandscapeLeft UIInterfaceOrientationLandscapeRight";
				INFOPLIST_KEY_UISupportedInterfaceOrientations_iPhone = "UIInterfaceOrientationPortrait UIInterfaceOrientationLandscapeLeft UIInterfaceOrientationLandscapeRight";
				IPHONEOS_DEPLOYMENT_TARGET = 17.0;
				LD_RUNPATH_SEARCH_PATHS = (
					"$(inherited)",
					"@executable_path/Frameworks",
				);
				MARKETING_VERSION = 2.8;
				PRODUCT_BUNDLE_IDENTIFIER = io.clickonetwo.whisper;
				PRODUCT_NAME = "$(TARGET_NAME)";
				PROVISIONING_PROFILE_SPECIFIER = "";
				SUPPORTED_PLATFORMS = "iphoneos iphonesimulator";
				SUPPORTS_MACCATALYST = YES;
				SUPPORTS_MAC_DESIGNED_FOR_IPHONE_IPAD = NO;
				SUPPORTS_XR_DESIGNED_FOR_IPHONE_IPAD = NO;
				SWIFT_ACTIVE_COMPILATION_CONDITIONS = "";
				SWIFT_EMIT_LOC_STRINGS = YES;
				SWIFT_VERSION = 5.0;
				TARGETED_DEVICE_FAMILY = "1,2";
			};
			name = Release;
		};
/* End XCBuildConfiguration section */

/* Begin XCConfigurationList section */
		37763CDC29AAC1E50051CFE5 /* Build configuration list for PBXProject "whisper" */ = {
			isa = XCConfigurationList;
			buildConfigurations = (
				37763D0329AAC1E60051CFE5 /* Debug */,
				37763D0429AAC1E60051CFE5 /* Release */,
			);
			defaultConfigurationIsVisible = 0;
			defaultConfigurationName = Release;
		};
		37763D0529AAC1E60051CFE5 /* Build configuration list for PBXNativeTarget "whisper" */ = {
			isa = XCConfigurationList;
			buildConfigurations = (
				37763D0629AAC1E60051CFE5 /* Debug */,
				37763D0729AAC1E60051CFE5 /* Release */,
			);
			defaultConfigurationIsVisible = 0;
			defaultConfigurationName = Release;
		};
/* End XCConfigurationList section */

/* Begin XCRemoteSwiftPackageReference section */
		373D3D072BED98F300FCD1F5 /* XCRemoteSwiftPackageReference "SwiftUIWindowBinder" */ = {
			isa = XCRemoteSwiftPackageReference;
			repositoryURL = "https://github.com/happycodelucky/SwiftUIWindowBinder";
			requirement = {
				kind = upToNextMajorVersion;
				minimumVersion = 1.0.0;
			};
		};
		377D71172A956B4C009B416F /* XCRemoteSwiftPackageReference "Swift-JWT" */ = {
			isa = XCRemoteSwiftPackageReference;
			repositoryURL = "https://github.com/Kitura/Swift-JWT.git";
			requirement = {
				kind = upToNextMajorVersion;
				minimumVersion = 4.0.0;
			};
		};
		37DE2B252BA278DE00EDA9D0 /* XCRemoteSwiftPackageReference "ably-cocoa" */ = {
			isa = XCRemoteSwiftPackageReference;
			repositoryURL = "https://github.com/ably/ably-cocoa";
			requirement = {
				kind = upToNextMajorVersion;
				minimumVersion = 1.2.26;
			};
		};
/* End XCRemoteSwiftPackageReference section */

/* Begin XCSwiftPackageProductDependency section */
		373D3D082BED98F300FCD1F5 /* SwiftUIWindowBinder */ = {
			isa = XCSwiftPackageProductDependency;
			package = 373D3D072BED98F300FCD1F5 /* XCRemoteSwiftPackageReference "SwiftUIWindowBinder" */;
			productName = SwiftUIWindowBinder;
		};
		377D71182A956B4C009B416F /* SwiftJWT */ = {
			isa = XCSwiftPackageProductDependency;
			package = 377D71172A956B4C009B416F /* XCRemoteSwiftPackageReference "Swift-JWT" */;
			productName = SwiftJWT;
		};
		37DE2B262BA278DE00EDA9D0 /* Ably */ = {
			isa = XCSwiftPackageProductDependency;
			package = 37DE2B252BA278DE00EDA9D0 /* XCRemoteSwiftPackageReference "ably-cocoa" */;
			productName = Ably;
		};
/* End XCSwiftPackageProductDependency section */
	};
	rootObject = 37763CD929AAC1E50051CFE5 /* Project object */;
}
